
Microsoft Visual Studio Solution File, Format Version 12.00
# Visual Studio Version 17
VisualStudioVersion = 17.1.32328.378
MinimumVisualStudioVersion = 10.0.40219.1
Project("{FAE04EC0-301F-11D3-BF4B-00C04F79EFBC}") = "Csharp-Intermediate-Demo-Methods", "Csharp-Intermediate-Demo-Methods.csproj", "{F8CF42EF-9244-4078-B887-B152C3E118B5}"
EndProject
Global
	GlobalSection(SolutionConfigurationPlatforms) = preSolution
		Debug|Any CPU = Debug|Any CPU
		Release|Any CPU = Release|Any CPU
	EndGlobalSection
	GlobalSection(ProjectConfigurationPlatforms) = postSolution
		{F8CF42EF-9244-4078-B887-B152C3E118B5}.Debug|Any CPU.ActiveCfg = Debug|Any CPU
		{F8CF42EF-9244-4078-B887-B152C3E118B5}.Debug|Any CPU.Build.0 = Debug|Any CPU
		{F8CF42EF-9244-4078-B887-B152C3E118B5}.Release|Any CPU.ActiveCfg = Release|Any CPU
		{F8CF42EF-9244-4078-B887-B152C3E118B5}.Release|Any CPU.Build.0 = Release|Any CPU
	EndGlobalSection
	GlobalSection(SolutionProperties) = preSolution
		HideSolutionNode = FALSE
	EndGlobalSection
	GlobalSection(ExtensibilityGlobals) = postSolution
		SolutionGuid = {8C91CAAD-75F8-4D7E-B2A3-5C50F7E392C6}
	EndGlobalSection
EndGlobal
